
Microsoft Visual Studio Solution File, Format Version 12.00
# Visual Studio 2013
VisualStudioVersion = 12.0.21005.1
MinimumVisualStudioVersion = 10.0.40219.1
Project("{FAE04EC0-301F-11D3-BF4B-00C04F79EFBC}") = "InheritanceDemo", "InheritanceDemo\InheritanceDemo.csproj", "{45982482-F14F-44F0-AD95-52C0A740F78E}"
EndProject
Global
	GlobalSection(SolutionConfigurationPlatforms) = preSolution
		Debug|Any CPU = Debug|Any CPU
		Release|Any CPU = Release|Any CPU
	EndGlobalSection
	GlobalSection(ProjectConfigurationPlatforms) = postSolution
		{45982482-F14F-44F0-AD95-52C0A740F78E}.Debug|Any CPU.ActiveCfg = Debug|Any CPU
		{45982482-F14F-44F0-AD95-52C0A740F78E}.Debug|Any CPU.Build.0 = Debug|Any CPU
		{45982482-F14F-44F0-AD95-52C0A740F78E}.Release|Any CPU.ActiveCfg = Release|Any CPU
		{45982482-F14F-44F0-AD95-52C0A740F78E}.Release|Any CPU.Build.0 = Release|Any CPU
	EndGlobalSection
	GlobalSection(SolutionProperties) = preSolution
		HideSolutionNode = FALSE
	EndGlobalSection
EndGlobal
